{
  "nodes": {
    "nixpkgs": {
      "locked": {
        "lastModified": 1786043574,
        "narHash": "sha256-L4iIGVvBoGV/9xchoBbJFvJT101ttCkHLt3aY9HbTJQ=",
        "owner": "kompismoln",
        "repo": "nixpkgs",
        "rev": "506ac128b11642ac576dcdc528b7a5455cc27927",
        "type": "github"
      },
      "original": {
        "owner": "kompismoln",
        "ref": "nixos-unstable",
        "repo": "nixpkgs",
        "type": "github"
      }
    },
    "root": {
      "inputs": {
        "nixpkgs": "nixpkgs"
      }
    }
  },
  "root": "root",
  "version": 7
}
